// !$*UTF8*$!
{
	archiveVersion = 1;
	classes = {
	};
	objectVersion = 46;
	objects = {

/* Begin PBXBuildFile section */
		B156817419D6883400367F70 /* AppDelegate.swift in Sources */ = {isa = PBXBuildFile; fileRef = B156817319D6883400367F70 /* AppDelegate.swift */; };
		B156817619D6883400367F70 /* ViewController.swift in Sources */ = {isa = PBXBuildFile; fileRef = B156817519D6883400367F70 /* ViewController.swift */; };
		B156817919D6883400367F70 /* Main.storyboard in Resources */ = {isa = PBXBuildFile; fileRef = B156817719D6883400367F70 /* Main.storyboard */; };
		B156817B19D6883400367F70 /* Images.xcassets in Resources */ = {isa = PBXBuildFile; fileRef = B156817A19D6883400367F70 /* Images.xcassets */; };
		B156817E19D6883400367F70 /* LaunchScreen.xib in Resources */ = {isa = PBXBuildFile; fileRef = B156817C19D6883400367F70 /* LaunchScreen.xib */; };
		B156818A19D6883400367F70 /* FirstAppTests.swift in Sources */ = {isa = PBXBuildFile; fileRef = B156818919D6883400367F70 /* FirstAppTests.swift */; };
		B156819419D68FC200367F70 /* SagradaFamilia.jpeg in Resources */ = {isa = PBXBuildFile; fileRef = B156819319D68FC200367F70 /* SagradaFamilia.jpeg */; };
		B156819619D6940300367F70 /* AlbertEinsteinStamp.jpg in Resources */ = {isa = PBXBuildFile; fileRef = B156819519D6940300367F70 /* AlbertEinsteinStamp.jpg */; };
/* End PBXBuildFile section */

/* Begin PBXContainerItemProxy section */
		B156818419D6883400367F70 /* PBXContainerItemProxy */ = {
			isa = PBXContainerItemProxy;
			containerPortal = B156816619D6883400367F70 /* Project object */;
			proxyType = 1;
			remoteGlobalIDString = B156816D19D6883400367F70;
			remoteInfo = FirstApp;
		};
/* End PBXContainerItemProxy section */

/* Begin PBXFileReference section */
		B156816E19D6883400367F70 /* FirstApp.app */ = {isa = PBXFileReference; explicitFileType = wrapper.application; includeInIndex = 0; path = FirstApp.app; sourceTree = BUILT_PRODUCTS_DIR; };
		B156817219D6883400367F70 /* Info.plist */ = {isa = PBXFileReference; lastKnownFileType = text.plist.xml; path = Info.plist; sourceTree = "<group>"; };
		B156817319D6883400367F70 /* AppDelegate.swift */ = {isa = PBXFileReference; lastKnownFileType = sourcecode.swift; path = AppDelegate.swift; sourceTree = "<group>"; };
		B156817519D6883400367F70 /* ViewController.swift */ = {isa = PBXFileReference; lastKnownFileType = sourcecode.swift; path = ViewController.swift; sourceTree = "<group>"; };
		B156817819D6883400367F70 /* Base */ = {isa = PBXFileReference; lastKnownFileType = file.storyboard; name = Base; path = Base.lproj/Main.storyboard; sourceTree = "<group>"; };
		B156817A19D6883400367F70 /* Images.xcassets */ = {isa = PBXFileReference; lastKnownFileType = folder.assetcatalog; path = Images.xcassets; sourceTree = "<group>"; };
		B156817D19D6883400367F70 /* Base */ = {isa = PBXFileReference; lastKnownFileType = file.xib; name = Base; path = Base.lproj/LaunchScreen.xib; sourceTree = "<group>"; };
		B156818319D6883400367F70 /* FirstAppTests.xctest */ = {isa = PBXFileReference; explicitFileType = wrapper.cfbundle; includeInIndex = 0; path = FirstAppTests.xctest; sourceTree = BUILT_PRODUCTS_DIR; };
		B156818819D6883400367F70 /* Info.plist */ = {isa = PBXFileReference; lastKnownFileType = text.plist.xml; path = Info.plist; sourceTree = "<group>"; };
		B156818919D6883400367F70 /* FirstAppTests.swift */ = {isa = PBXFileReference; lastKnownFileType = sourcecode.swift; path = FirstAppTests.swift; sourceTree = "<group>"; };
		B156819319D68FC200367F70 /* SagradaFamilia.jpeg */ = {isa = PBXFileReference; lastKnownFileType = image.jpeg; path = SagradaFamilia.jpeg; sourceTree = "<group>"; };
		B156819519D6940300367F70 /* AlbertEinsteinStamp.jpg */ = {isa = PBXFileReference; lastKnownFileType = image.jpeg; path = AlbertEinsteinStamp.jpg; sourceTree = "<group>"; };
/* End PBXFileReference section */

/* Begin PBXFrameworksBuildPhase section */
		B156816B19D6883400367F70 /* Frameworks */ = {
			isa = PBXFrameworksBuildPhase;
			buildActionMask = 2147483647;
			files = (
			);
			runOnlyForDeploymentPostprocessing = 0;
		};
		B156818019D6883400367F70 /* Frameworks */ = {
			isa = PBXFrameworksBuildPhase;
			buildActionMask = 2147483647;
			files = (
			);
			runOnlyForDeploymentPostprocessing = 0;
		};
/* End PBXFrameworksBuildPhase section */

/* Begin PBXGroup section */
		B156816519D6883400367F70 = {
			isa = PBXGroup;
			children = (
				B156817019D6883400367F70 /* FirstApp */,
				B156818619D6883400367F70 /* FirstAppTests */,
				B156816F19D6883400367F70 /* Products */,
			);
			sourceTree = "<group>";
		};
		B156816F19D6883400367F70 /* Products */ = {
			isa = PBXGroup;
			children = (
				B156816E19D6883400367F70 /* FirstApp.app */,
				B156818319D6883400367F70 /* FirstAppTests.xctest */,
			);
			name = Products;
			sourceTree = "<group>";
		};
		B156817019D6883400367F70 /* FirstApp */ = {
			isa = PBXGroup;
			children = (
				B156817319D6883400367F70 /* AppDelegate.swift */,
				B156817519D6883400367F70 /* ViewController.swift */,
				B156817719D6883400367F70 /* Main.storyboard */,
				B156817A19D6883400367F70 /* Images.xcassets */,
				B156817C19D6883400367F70 /* LaunchScreen.xib */,
				B156817119D6883400367F70 /* Supporting Files */,
			);
			path = FirstApp;
			sourceTree = "<group>";
		};
		B156817119D6883400367F70 /* Supporting Files */ = {
			isa = PBXGroup;
			children = (
				B156819519D6940300367F70 /* AlbertEinsteinStamp.jpg */,
				B156819319D68FC200367F70 /* SagradaFamilia.jpeg */,
				B156817219D6883400367F70 /* Info.plist */,
			);
			name = "Supporting Files";
			sourceTree = "<group>";
		};
		B156818619D6883400367F70 /* FirstAppTests */ = {
			isa = PBXGroup;
			children = (
				B156818919D6883400367F70 /* FirstAppTests.swift */,
				B156818719D6883400367F70 /* Supporting Files */,
			);
			path = FirstAppTests;
			sourceTree = "<group>";
		};
		B156818719D6883400367F70 /* Supporting Files */ = {
			isa = PBXGroup;
			children = (
				B156818819D6883400367F70 /* Info.plist */,
			);
			name = "Supporting Files";
			sourceTree = "<group>";
		};
/* End PBXGroup section */

/* Begin PBXNativeTarget section */
		B156816D19D6883400367F70 /* FirstApp */ = {
			isa = PBXNativeTarget;
			buildConfigurationList = B156818D19D6883400367F70 /* Build configuration list for PBXNativeTarget "FirstApp" */;
			buildPhases = (
				B156816A19D6883400367F70 /* Sources */,
				B156816B19D6883400367F70 /* Frameworks */,
				B156816C19D6883400367F70 /* Resources */,
			);
			buildRules = (
			);
			dependencies = (
			);
			name = FirstApp;
			productName = FirstApp;
			productReference = B156816E19D6883400367F70 /* FirstApp.app */;
			productType = "com.apple.product-type.application";
		};
		B156818219D6883400367F70 /* FirstAppTests */ = {
			isa = PBXNativeTarget;
			buildConfigurationList = B156819019D6883400367F70 /* Build configuration list for PBXNativeTarget "FirstAppTests" */;
			buildPhases = (
				B156817F19D6883400367F70 /* Sources */,
				B156818019D6883400367F70 /* Frameworks */,
				B156818119D6883400367F70 /* Resources */,
			);
			buildRules = (
			);
			dependencies = (
				B156818519D6883400367F70 /* PBXTargetDependency */,
			);
			name = FirstAppTests;
			productName = FirstAppTests;
			productReference = B156818319D6883400367F70 /* FirstAppTests.xctest */;
			productType = "com.apple.product-type.bundle.unit-test";
		};
/* End PBXNativeTarget section */

/* Begin PBXProject section */
		B156816619D6883400367F70 /* Project object */ = {
			isa = PBXProject;
			attributes = {
				LastUpgradeCheck = 0600;
				ORGANIZATIONNAME = MV;
				TargetAttributes = {
					B156816D19D6883400367F70 = {
						CreatedOnToolsVersion = 6.0;
					};
					B156818219D6883400367F70 = {
						CreatedOnToolsVersion = 6.0;
						TestTargetID = B156816D19D6883400367F70;
					};
				};
			};
			buildConfigurationList = B156816919D6883400367F70 /* Build configuration list for PBXProject "FirstApp" */;
			compatibilityVersion = "Xcode 3.2";
			developmentRegion = English;
			hasScannedForEncodings = 0;
			knownRegions = (
				en,
				Base,
			);
			mainGroup = B156816519D6883400367F70;
			productRefGroup = B156816F19D6883400367F70 /* Products */;
			projectDirPath = "";
			projectRoot = "";
			targets = (
				B156816D19D6883400367F70 /* FirstApp */,
				B156818219D6883400367F70 /* FirstAppTests */,
			);
		};
/* End PBXProject section */

/* Begin PBXResourcesBuildPhase section */
		B156816C19D6883400367F70 /* Resources */ = {
			isa = PBXResourcesBuildPhase;
			buildActionMask = 2147483647;
			files = (
				B156817919D6883400367F70 /* Main.storyboard in Resources */,
				B156819419D68FC200367F70 /* SagradaFamilia.jpeg in Resources */,
				B156819619D6940300367F70 /* AlbertEinsteinStamp.jpg in Resources */,
				B156817E19D6883400367F70 /* LaunchScreen.xib in Resources */,
				B156817B19D6883400367F70 /* Images.xcassets in Resources */,
			);
			runOnlyForDeploymentPostprocessing = 0;
		};
		B156818119D6883400367F70 /* Resources */ = {
			isa = PBXResourcesBuildPhase;
			buildActionMask = 2147483647;
			files = (
			);
			runOnlyForDeploymentPostprocessing = 0;
		};
/* End PBXResourcesBuildPhase section */

/* Begin PBXSourcesBuildPhase section */
		B156816A19D6883400367F70 /* Sources */ = {
			isa = PBXSourcesBuildPhase;
			buildActionMask = 2147483647;
			files = (
				B156817619D6883400367F70 /* ViewController.swift in Sources */,
				B156817419D6883400367F70 /* AppDelegate.swift in Sources */,
			);
			runOnlyForDeploymentPostprocessing = 0;
		};
		B156817F19D6883400367F70 /* Sources */ = {
			isa = PBXSourcesBuildPhase;
			buildActionMask = 2147483647;
			files = (
				B156818A19D6883400367F70 /* FirstAppTests.swift in Sources */,
			);
			runOnlyForDeploymentPostprocessing = 0;
		};
/* End PBXSourcesBuildPhase section */

/* Begin PBXTargetDependency section */
		B156818519D6883400367F70 /* PBXTargetDependency */ = {
			isa = PBXTargetDependency;
			target = B156816D19D6883400367F70 /* FirstApp */;
			targetProxy = B156818419D6883400367F70 /* PBXContainerItemProxy */;
		};
/* End PBXTargetDependency section */

/* Begin PBXVariantGroup section */
		B156817719D6883400367F70 /* Main.storyboard */ = {
			isa = PBXVariantGroup;
			children = (
				B156817819D6883400367F70 /* Base */,
			);
			name = Main.storyboard;
			sourceTree = "<group>";
		};
		B156817C19D6883400367F70 /* LaunchScreen.xib */ = {
			isa = PBXVariantGroup;
			children = (
				B156817D19D6883400367F70 /* Base */,
			);
			name = LaunchScreen.xib;
			sourceTree = "<group>";
		};
/* End PBXVariantGroup section */

/* Begin XCBuildConfiguration section */
		B156818B19D6883400367F70 /* Debug */ = {
			isa = XCBuildConfiguration;
			buildSettings = {
				ALWAYS_SEARCH_USER_PATHS = NO;
				CLANG_CXX_LANGUAGE_STANDARD = "gnu++0x";
				CLANG_CXX_LIBRARY = "libc++";
				CLANG_ENABLE_MODULES = YES;
				CLANG_ENABLE_OBJC_ARC = YES;
				CLANG_WARN_BOOL_CONVERSION = YES;
				CLANG_WARN_CONSTANT_CONVERSION = YES;
				CLANG_WARN_DIRECT_OBJC_ISA_USAGE = YES_ERROR;
				CLANG_WARN_EMPTY_BODY = YES;
				CLANG_WARN_ENUM_CONVERSION = YES;
				CLANG_WARN_INT_CONVERSION = YES;
				CLANG_WARN_OBJC_ROOT_CLASS = YES_ERROR;
				CLANG_WARN_UNREACHABLE_CODE = YES;
				CLANG_WARN__DUPLICATE_METHOD_MATCH = YES;
				"CODE_SIGN_IDENTITY[sdk=iphoneos*]" = "iPhone Developer";
				COPY_PHASE_STRIP = NO;
				ENABLE_STRICT_OBJC_MSGSEND = YES;
				GCC_C_LANGUAGE_STANDARD = gnu99;
				GCC_DYNAMIC_NO_PIC = NO;
				GCC_OPTIMIZATION_LEVEL = 0;
				GCC_PREPROCESSOR_DEFINITIONS = (
					"DEBUG=1",
					"$(inherited)",
				);
				GCC_SYMBOLS_PRIVATE_EXTERN = NO;
				GCC_WARN_64_TO_32_BIT_CONVERSION = YES;
				GCC_WARN_ABOUT_RETURN_TYPE = YES_ERROR;
				GCC_WARN_UNDECLARED_SELECTOR = YES;
				GCC_WARN_UNINITIALIZED_AUTOS = YES_AGGRESSIVE;
				GCC_WARN_UNUSED_FUNCTION = YES;
				GCC_WARN_UNUSED_VARIABLE = YES;
				IPHONEOS_DEPLOYMENT_TARGET = 8.0;
				MTL_ENABLE_DEBUG_INFO = YES;
				ONLY_ACTIVE_ARCH = YES;
				SDKROOT = iphoneos;
				SWIFT_OPTIMIZATION_LEVEL = "-Onone";
			};
			name = Debug;
		};
		B156818C19D6883400367F70 /* Release */ = {
			isa = XCBuildConfiguration;
			buildSettings = {
				ALWAYS_SEARCH_USER_PATHS = NO;
				CLANG_CXX_LANGUAGE_STANDARD = "gnu++0x";
				CLANG_CXX_LIBRARY = "libc++";
				CLANG_ENABLE_MODULES = YES;
				CLANG_ENABLE_OBJC_ARC = YES;
				CLANG_WARN_BOOL_CONVERSION = YES;
				CLANG_WARN_CONSTANT_CONVERSION = YES;
				CLANG_WARN_DIRECT_OBJC_ISA_USAGE = YES_ERROR;
				CLANG_WARN_EMPTY_BODY = YES;
				CLANG_WARN_ENUM_CONVERSION = YES;
				CLANG_WARN_INT_CONVERSION = YES;
				CLANG_WARN_OBJC_ROOT_CLASS = YES_ERROR;
				CLANG_WARN_UNREACHABLE_CODE = YES;
				CLANG_WARN__DUPLICATE_METHOD_MATCH = YES;
				"CODE_SIGN_IDENTITY[sdk=iphoneos*]" = "iPhone Developer";
				COPY_PHASE_STRIP = YES;
				ENABLE_NS_ASSERTIONS = NO;
				ENABLE_STRICT_OBJC_MSGSEND = YES;
				GCC_C_LANGUAGE_STANDARD = gnu99;
				GCC_WARN_64_TO_32_BIT_CONVERSION = YES;
				GCC_WARN_ABOUT_RETURN_TYPE = YES_ERROR;
				GCC_WARN_UNDECLARED_SELECTOR = YES;
				GCC_WARN_UNINITIALIZED_AUTOS = YES_AGGRESSIVE;
				GCC_WARN_UNUSED_FUNCTION = YES;
				GCC_WARN_UNUSED_VARIABLE = YES;
				IPHONEOS_DEPLOYMENT_TARGET = 8.0;
				MTL_ENABLE_DEBUG_INFO = NO;
				SDKROOT = iphoneos;
				VALIDATE_PRODUCT = YES;
			};
			name = Release;
		};
		B156818E19D6883400367F70 /* Debug */ = {
			isa = XCBuildConfiguration;
			buildSettings = {
				ASSETCATALOG_COMPILER_APPICON_NAME = AppIcon;
				INFOPLIST_FILE = FirstApp/Info.plist;
				LD_RUNPATH_SEARCH_PATHS = "$(inherited) @executable_path/Frameworks";
				PRODUCT_NAME = "$(TARGET_NAME)";
			};
			name = Debug;
		};
		B156818F19D6883400367F70 /* Release */ = {
			isa = XCBuildConfiguration;
			buildSettings = {
				ASSETCATALOG_COMPILER_APPICON_NAME = AppIcon;
				INFOPLIST_FILE = FirstApp/Info.plist;
				LD_RUNPATH_SEARCH_PATHS = "$(inherited) @executable_path/Frameworks";
				PRODUCT_NAME = "$(TARGET_NAME)";
			};
			name = Release;
		};
		B156819119D6883400367F70 /* Debug */ = {
			isa = XCBuildConfiguration;
			buildSettings = {
				BUNDLE_LOADER = "$(TEST_HOST)";
				FRAMEWORK_SEARCH_PATHS = (
					"$(SDKROOT)/Developer/Library/Frameworks",
					"$(inherited)",
				);
				GCC_PREPROCESSOR_DEFINITIONS = (
					"DEBUG=1",
					"$(inherited)",
				);
				INFOPLIST_FILE = FirstAppTests/Info.plist;
				LD_RUNPATH_SEARCH_PATHS = "$(inherited) @executable_path/Frameworks @loader_path/Frameworks";
				PRODUCT_NAME = "$(TARGET_NAME)";
				TEST_HOST = "$(BUILT_PRODUCTS_DIR)/FirstApp.app/FirstApp";
			};
			name = Debug;
		};
		B156819219D6883400367F70 /* Release */ = {
			isa = XCBuildConfiguration;
			buildSettings = {
				BUNDLE_LOADER = "$(TEST_HOST)";
				FRAMEWORK_SEARCH_PATHS = (
					"$(SDKROOT)/Developer/Library/Frameworks",
					"$(inherited)",
				);
				INFOPLIST_FILE = FirstAppTests/Info.plist;
				LD_RUNPATH_SEARCH_PATHS = "$(inherited) @executable_path/Frameworks @loader_path/Frameworks";
				PRODUCT_NAME = "$(TARGET_NAME)";
				TEST_HOST = "$(BUILT_PRODUCTS_DIR)/FirstApp.app/FirstApp";
			};
			name = Release;
		};
/* End XCBuildConfiguration section */

/* Begin XCConfigurationList section */
		B156816919D6883400367F70 /* Build configuration list for PBXProject "FirstApp" */ = {
			isa = XCConfigurationList;
			buildConfigurations = (
				B156818B19D6883400367F70 /* Debug */,
				B156818C19D6883400367F70 /* Release */,
			);
			defaultConfigurationIsVisible = 0;
			defaultConfigurationName = Release;
		};
		B156818D19D6883400367F70 /* Build configuration list for PBXNativeTarget "FirstApp" */ = {
			isa = XCConfigurationList;
			buildConfigurations = (
				B156818E19D6883400367F70 /* Debug */,
				B156818F19D6883400367F70 /* Release */,
			);
			defaultConfigurationIsVisible = 0;
		};
		B156819019D6883400367F70 /* Build configuration list for PBXNativeTarget "FirstAppTests" */ = {
			isa = XCConfigurationList;
			buildConfigurations = (
				B156819119D6883400367F70 /* Debug */,
				B156819219D6883400367F70 /* Release */,
			);
			defaultConfigurationIsVisible = 0;
		};
/* End XCConfigurationList section */
	};
	rootObject = B156816619D6883400367F70 /* Project object */;
}
